
Microsoft Visual Studio Solution File, Format Version 12.00
# Visual Studio 15
VisualStudioVersion = 15.0.28010.2046
MinimumVisualStudioVersion = 10.0.40219.1
Project("{9A19103F-16F7-4668-BE54-9A1E7A4F7556}") = "PeopleSearch", "PeopleSearch\PeopleSearch.csproj", "{75EE0F67-C3D6-43C3-9353-C8C3006BBE72}"
EndProject
Project("{9A19103F-16F7-4668-BE54-9A1E7A4F7556}") = "PeopleSearch.Test", "PeopleSearch.Test\PeopleSearch.Test.csproj", "{0598FD57-B728-4EB7-AAA0-90F0D23C58ED}"
EndProject
Project("{2150E333-8FDC-42A3-9474-1A3956D46DE8}") = "Environment Setup", "Environment Setup", "{345F7BCF-1C39-4E15-8EEC-B0105F2B27D4}"
	ProjectSection(SolutionItems) = preProject
		PeopleSearch\SetupEnvironment.cmd = PeopleSearch\SetupEnvironment.cmd
	EndProjectSection
EndProject
Global
	GlobalSection(SolutionConfigurationPlatforms) = preSolution
		Debug|Any CPU = Debug|Any CPU
		Release|Any CPU = Release|Any CPU
	EndGlobalSection
	GlobalSection(ProjectConfigurationPlatforms) = postSolution
		{75EE0F67-C3D6-43C3-9353-C8C3006BBE72}.Debug|Any CPU.ActiveCfg = Debug|Any CPU
		{75EE0F67-C3D6-43C3-9353-C8C3006BBE72}.Debug|Any CPU.Build.0 = Debug|Any CPU
		{75EE0F67-C3D6-43C3-9353-C8C3006BBE72}.Release|Any CPU.ActiveCfg = Release|Any CPU
		{75EE0F67-C3D6-43C3-9353-C8C3006BBE72}.Release|Any CPU.Build.0 = Release|Any CPU
		{0598FD57-B728-4EB7-AAA0-90F0D23C58ED}.Debug|Any CPU.ActiveCfg = Debug|Any CPU
		{0598FD57-B728-4EB7-AAA0-90F0D23C58ED}.Debug|Any CPU.Build.0 = Debug|Any CPU
		{0598FD57-B728-4EB7-AAA0-90F0D23C58ED}.Release|Any CPU.ActiveCfg = Release|Any CPU
		{0598FD57-B728-4EB7-AAA0-90F0D23C58ED}.Release|Any CPU.Build.0 = Release|Any CPU
	EndGlobalSection
	GlobalSection(SolutionProperties) = preSolution
		HideSolutionNode = FALSE
	EndGlobalSection
	GlobalSection(ExtensibilityGlobals) = postSolution
		SolutionGuid = {8D389A29-0381-42F2-B823-90670C9C2020}
	EndGlobalSection
EndGlobal
